
Microsoft Visual Studio Solution File, Format Version 12.00
# Visual Studio 15
VisualStudioVersion = 15.0.28307.1082
MinimumVisualStudioVersion = 10.0.40219.1
Project("{FAE04EC0-301F-11D3-BF4B-00C04F79EFBC}") = "Proyecto OnBreak", "..\..\..\Downloads\CristobalOnBreak\OnBreak v1.1\Proyecto OnBreak\Proyecto OnBreak.csproj", "{876F7A81-2969-45AA-AC10-F395A036C1D6}"
EndProject
Project("{FAE04EC0-301F-11D3-BF4B-00C04F79EFBC}") = "Biblioteca", "..\..\..\Downloads\CristobalOnBreak\OnBreak v1.1\Biblioteca\Biblioteca.csproj", "{039DB231-1AE0-482B-86C0-C8B653ECD9D2}"
EndProject
Global
	GlobalSection(SolutionConfigurationPlatforms) = preSolution
		Debug|Any CPU = Debug|Any CPU
		Release|Any CPU = Release|Any CPU
	EndGlobalSection
	GlobalSection(ProjectConfigurationPlatforms) = postSolution
		{876F7A81-2969-45AA-AC10-F395A036C1D6}.Debug|Any CPU.ActiveCfg = Debug|Any CPU
		{876F7A81-2969-45AA-AC10-F395A036C1D6}.Debug|Any CPU.Build.0 = Debug|Any CPU
		{876F7A81-2969-45AA-AC10-F395A036C1D6}.Release|Any CPU.ActiveCfg = Release|Any CPU
		{876F7A81-2969-45AA-AC10-F395A036C1D6}.Release|Any CPU.Build.0 = Release|Any CPU
		{039DB231-1AE0-482B-86C0-C8B653ECD9D2}.Debug|Any CPU.ActiveCfg = Debug|Any CPU
		{039DB231-1AE0-482B-86C0-C8B653ECD9D2}.Debug|Any CPU.Build.0 = Debug|Any CPU
		{039DB231-1AE0-482B-86C0-C8B653ECD9D2}.Release|Any CPU.ActiveCfg = Release|Any CPU
		{039DB231-1AE0-482B-86C0-C8B653ECD9D2}.Release|Any CPU.Build.0 = Release|Any CPU
	EndGlobalSection
	GlobalSection(SolutionProperties) = preSolution
		HideSolutionNode = FALSE
	EndGlobalSection
	GlobalSection(ExtensibilityGlobals) = postSolution
		SolutionGuid = {D640FD63-2D08-4D7C-A775-617294667E59}
	EndGlobalSection
EndGlobal
